
Microsoft Visual Studio Solution File, Format Version 12.00
# Visual Studio Version 17
VisualStudioVersion = 17.1.32414.318
MinimumVisualStudioVersion = 10.0.40219.1
Project("{FAE04EC0-301F-11D3-BF4B-00C04F79EFBC}") = "EXPLICACION_1", "EXPLICACION_1.csproj", "{38F41BC8-E778-4A52-840F-566344006C60}"
EndProject
Global
	GlobalSection(SolutionConfigurationPlatforms) = preSolution
		Debug|Any CPU = Debug|Any CPU
		Release|Any CPU = Release|Any CPU
	EndGlobalSection
	GlobalSection(ProjectConfigurationPlatforms) = postSolution
		{38F41BC8-E778-4A52-840F-566344006C60}.Debug|Any CPU.ActiveCfg = Debug|Any CPU
		{38F41BC8-E778-4A52-840F-566344006C60}.Debug|Any CPU.Build.0 = Debug|Any CPU
		{38F41BC8-E778-4A52-840F-566344006C60}.Release|Any CPU.ActiveCfg = Release|Any CPU
		{38F41BC8-E778-4A52-840F-566344006C60}.Release|Any CPU.Build.0 = Release|Any CPU
	EndGlobalSection
	GlobalSection(SolutionProperties) = preSolution
		HideSolutionNode = FALSE
	EndGlobalSection
	GlobalSection(ExtensibilityGlobals) = postSolution
		SolutionGuid = {C71AB71D-E795-4ABD-9357-D524601F2FAF}
	EndGlobalSection
EndGlobal
